// !$*UTF8*$!
{
	archiveVersion = 1;
	classes = {
	};
	objectVersion = 56;
	objects = {

/* Begin PBXBuildFile section */
		8022ACDE2C530FD600B447EA /* geolocalizacaoApp.swift in Sources */ = {isa = PBXBuildFile; fileRef = 8022ACDD2C530FD600B447EA /* geolocalizacaoApp.swift */; };
		8022ACE02C530FD600B447EA /* ContentView.swift in Sources */ = {isa = PBXBuildFile; fileRef = 8022ACDF2C530FD600B447EA /* ContentView.swift */; };
		8022ACE22C530FD700B447EA /* Assets.xcassets in Resources */ = {isa = PBXBuildFile; fileRef = 8022ACE12C530FD700B447EA /* Assets.xcassets */; };
		8022ACE52C530FD700B447EA /* Preview Assets.xcassets in Resources */ = {isa = PBXBuildFile; fileRef = 8022ACE42C530FD700B447EA /* Preview Assets.xcassets */; };
		8022ACEF2C530FD700B447EA /* geolocalizacaoTests.swift in Sources */ = {isa = PBXBuildFile; fileRef = 8022ACEE2C530FD700B447EA /* geolocalizacaoTests.swift */; };
		8022ACF92C530FD700B447EA /* geolocalizacaoUITests.swift in Sources */ = {isa = PBXBuildFile; fileRef = 8022ACF82C530FD700B447EA /* geolocalizacaoUITests.swift */; };
		8022ACFB2C530FD700B447EA /* geolocalizacaoUITestsLaunchTests.swift in Sources */ = {isa = PBXBuildFile; fileRef = 8022ACFA2C530FD700B447EA /* geolocalizacaoUITestsLaunchTests.swift */; };
/* End PBXBuildFile section */

/* Begin PBXContainerItemProxy section */
		8022ACEB2C530FD700B447EA /* PBXContainerItemProxy */ = {
			isa = PBXContainerItemProxy;
			containerPortal = 8022ACD22C530FD600B447EA /* Project object */;
			proxyType = 1;
			remoteGlobalIDString = 8022ACD92C530FD600B447EA;
			remoteInfo = geolocalizacao;
		};
		8022ACF52C530FD700B447EA /* PBXContainerItemProxy */ = {
			isa = PBXContainerItemProxy;
			containerPortal = 8022ACD22C530FD600B447EA /* Project object */;
			proxyType = 1;
			remoteGlobalIDString = 8022ACD92C530FD600B447EA;
			remoteInfo = geolocalizacao;
		};
/* End PBXContainerItemProxy section */

/* Begin PBXFileReference section */
		8022ACDA2C530FD600B447EA /* geolocalizacao.app */ = {isa = PBXFileReference; explicitFileType = wrapper.application; includeInIndex = 0; path = geolocalizacao.app; sourceTree = BUILT_PRODUCTS_DIR; };
		8022ACDD2C530FD600B447EA /* geolocalizacaoApp.swift */ = {isa = PBXFileReference; lastKnownFileType = sourcecode.swift; path = geolocalizacaoApp.swift; sourceTree = "<group>"; };
		8022ACDF2C530FD600B447EA /* ContentView.swift */ = {isa = PBXFileReference; lastKnownFileType = sourcecode.swift; path = ContentView.swift; sourceTree = "<group>"; };
		8022ACE12C530FD700B447EA /* Assets.xcassets */ = {isa = PBXFileReference; lastKnownFileType = folder.assetcatalog; path = Assets.xcassets; sourceTree = "<group>"; };
		8022ACE42C530FD700B447EA /* Preview Assets.xcassets */ = {isa = PBXFileReference; lastKnownFileType = folder.assetcatalog; path = "Preview Assets.xcassets"; sourceTree = "<group>"; };
		8022ACEA2C530FD700B447EA /* geolocalizacaoTests.xctest */ = {isa = PBXFileReference; explicitFileType = wrapper.cfbundle; includeInIndex = 0; path = geolocalizacaoTests.xctest; sourceTree = BUILT_PRODUCTS_DIR; };
		8022ACEE2C530FD700B447EA /* geolocalizacaoTests.swift */ = {isa = PBXFileReference; lastKnownFileType = sourcecode.swift; path = geolocalizacaoTests.swift; sourceTree = "<group>"; };
		8022ACF42C530FD700B447EA /* geolocalizacaoUITests.xctest */ = {isa = PBXFileReference; explicitFileType = wrapper.cfbundle; includeInIndex = 0; path = geolocalizacaoUITests.xctest; sourceTree = BUILT_PRODUCTS_DIR; };
		8022ACF82C530FD700B447EA /* geolocalizacaoUITests.swift */ = {isa = PBXFileReference; lastKnownFileType = sourcecode.swift; path = geolocalizacaoUITests.swift; sourceTree = "<group>"; };
		8022ACFA2C530FD700B447EA /* geolocalizacaoUITestsLaunchTests.swift */ = {isa = PBXFileReference; lastKnownFileType = sourcecode.swift; path = geolocalizacaoUITestsLaunchTests.swift; sourceTree = "<group>"; };
/* End PBXFileReference section */

/* Begin PBXFrameworksBuildPhase section */
		8022ACD72C530FD600B447EA /* Frameworks */ = {
			isa = PBXFrameworksBuildPhase;
			buildActionMask = 2147483647;
			files = (
			);
			runOnlyForDeploymentPostprocessing = 0;
		};
		8022ACE72C530FD700B447EA /* Frameworks */ = {
			isa = PBXFrameworksBuildPhase;
			buildActionMask = 2147483647;
			files = (
			);
			runOnlyForDeploymentPostprocessing = 0;
		};
		8022ACF12C530FD700B447EA /* Frameworks */ = {
			isa = PBXFrameworksBuildPhase;
			buildActionMask = 2147483647;
			files = (
			);
			runOnlyForDeploymentPostprocessing = 0;
		};
/* End PBXFrameworksBuildPhase section */

/* Begin PBXGroup section */
		8022ACD12C530FD600B447EA = {
			isa = PBXGroup;
			children = (
				8022ACDC2C530FD600B447EA /* geolocalizacao */,
				8022ACED2C530FD700B447EA /* geolocalizacaoTests */,
				8022ACF72C530FD700B447EA /* geolocalizacaoUITests */,
				8022ACDB2C530FD600B447EA /* Products */,
			);
			sourceTree = "<group>";
		};
		8022ACDB2C530FD600B447EA /* Products */ = {
			isa = PBXGroup;
			children = (
				8022ACDA2C530FD600B447EA /* geolocalizacao.app */,
				8022ACEA2C530FD700B447EA /* geolocalizacaoTests.xctest */,
				8022ACF42C530FD700B447EA /* geolocalizacaoUITests.xctest */,
			);
			name = Products;
			sourceTree = "<group>";
		};
		8022ACDC2C530FD600B447EA /* geolocalizacao */ = {
			isa = PBXGroup;
			children = (
				8022ACDD2C530FD600B447EA /* geolocalizacaoApp.swift */,
				8022ACDF2C530FD600B447EA /* ContentView.swift */,
				8022ACE12C530FD700B447EA /* Assets.xcassets */,
				8022ACE32C530FD700B447EA /* Preview Content */,
			);
			path = geolocalizacao;
			sourceTree = "<group>";
		};
		8022ACE32C530FD700B447EA /* Preview Content */ = {
			isa = PBXGroup;
			children = (
				8022ACE42C530FD700B447EA /* Preview Assets.xcassets */,
			);
			path = "Preview Content";
			sourceTree = "<group>";
		};
		8022ACED2C530FD700B447EA /* geolocalizacaoTests */ = {
			isa = PBXGroup;
			children = (
				8022ACEE2C530FD700B447EA /* geolocalizacaoTests.swift */,
			);
			path = geolocalizacaoTests;
			sourceTree = "<group>";
		};
		8022ACF72C530FD700B447EA /* geolocalizacaoUITests */ = {
			isa = PBXGroup;
			children = (
				8022ACF82C530FD700B447EA /* geolocalizacaoUITests.swift */,
				8022ACFA2C530FD700B447EA /* geolocalizacaoUITestsLaunchTests.swift */,
			);
			path = geolocalizacaoUITests;
			sourceTree = "<group>";
		};
/* End PBXGroup section */

/* Begin PBXNativeTarget section */
		8022ACD92C530FD600B447EA /* geolocalizacao */ = {
			isa = PBXNativeTarget;
			buildConfigurationList = 8022ACFE2C530FD700B447EA /* Build configuration list for PBXNativeTarget "geolocalizacao" */;
			buildPhases = (
				8022ACD62C530FD600B447EA /* Sources */,
				8022ACD72C530FD600B447EA /* Frameworks */,
				8022ACD82C530FD600B447EA /* Resources */,
			);
			buildRules = (
			);
			dependencies = (
			);
			name = geolocalizacao;
			productName = geolocalizacao;
			productReference = 8022ACDA2C530FD600B447EA /* geolocalizacao.app */;
			productType = "com.apple.product-type.application";
		};
		8022ACE92C530FD700B447EA /* geolocalizacaoTests */ = {
			isa = PBXNativeTarget;
			buildConfigurationList = 8022AD012C530FD700B447EA /* Build configuration list for PBXNativeTarget "geolocalizacaoTests" */;
			buildPhases = (
				8022ACE62C530FD700B447EA /* Sources */,
				8022ACE72C530FD700B447EA /* Frameworks */,
				8022ACE82C530FD700B447EA /* Resources */,
			);
			buildRules = (
			);
			dependencies = (
				8022ACEC2C530FD700B447EA /* PBXTargetDependency */,
			);
			name = geolocalizacaoTests;
			productName = geolocalizacaoTests;
			productReference = 8022ACEA2C530FD700B447EA /* geolocalizacaoTests.xctest */;
			productType = "com.apple.product-type.bundle.unit-test";
		};
		8022ACF32C530FD700B447EA /* geolocalizacaoUITests */ = {
			isa = PBXNativeTarget;
			buildConfigurationList = 8022AD042C530FD700B447EA /* Build configuration list for PBXNativeTarget "geolocalizacaoUITests" */;
			buildPhases = (
				8022ACF02C530FD700B447EA /* Sources */,
				8022ACF12C530FD700B447EA /* Frameworks */,
				8022ACF22C530FD700B447EA /* Resources */,
			);
			buildRules = (
			);
			dependencies = (
				8022ACF62C530FD700B447EA /* PBXTargetDependency */,
			);
			name = geolocalizacaoUITests;
			productName = geolocalizacaoUITests;
			productReference = 8022ACF42C530FD700B447EA /* geolocalizacaoUITests.xctest */;
			productType = "com.apple.product-type.bundle.ui-testing";
		};
/* End PBXNativeTarget section */

/* Begin PBXProject section */
		8022ACD22C530FD600B447EA /* Project object */ = {
			isa = PBXProject;
			attributes = {
				BuildIndependentTargetsInParallel = 1;
				LastSwiftUpdateCheck = 1540;
				LastUpgradeCheck = 1540;
				TargetAttributes = {
					8022ACD92C530FD600B447EA = {
						CreatedOnToolsVersion = 15.4;
					};
					8022ACE92C530FD700B447EA = {
						CreatedOnToolsVersion = 15.4;
						TestTargetID = 8022ACD92C530FD600B447EA;
					};
					8022ACF32C530FD700B447EA = {
						CreatedOnToolsVersion = 15.4;
						TestTargetID = 8022ACD92C530FD600B447EA;
					};
				};
			};
			buildConfigurationList = 8022ACD52C530FD600B447EA /* Build configuration list for PBXProject "geolocalizacao" */;
			compatibilityVersion = "Xcode 14.0";
			developmentRegion = en;
			hasScannedForEncodings = 0;
			knownRegions = (
				en,
				Base,
			);
			mainGroup = 8022ACD12C530FD600B447EA;
			productRefGroup = 8022ACDB2C530FD600B447EA /* Products */;
			projectDirPath = "";
			projectRoot = "";
			targets = (
				8022ACD92C530FD600B447EA /* geolocalizacao */,
				8022ACE92C530FD700B447EA /* geolocalizacaoTests */,
				8022ACF32C530FD700B447EA /* geolocalizacaoUITests */,
			);
		};
/* End PBXProject section */

/* Begin PBXResourcesBuildPhase section */
		8022ACD82C530FD600B447EA /* Resources */ = {
			isa = PBXResourcesBuildPhase;
			buildActionMask = 2147483647;
			files = (
				8022ACE52C530FD700B447EA /* Preview Assets.xcassets in Resources */,
				8022ACE22C530FD700B447EA /* Assets.xcassets in Resources */,
			);
			runOnlyForDeploymentPostprocessing = 0;
		};
		8022ACE82C530FD700B447EA /* Resources */ = {
			isa = PBXResourcesBuildPhase;
			buildActionMask = 2147483647;
			files = (
			);
			runOnlyForDeploymentPostprocessing = 0;
		};
		8022ACF22C530FD700B447EA /* Resources */ = {
			isa = PBXResourcesBuildPhase;
			buildActionMask = 2147483647;
			files = (
			);
			runOnlyForDeploymentPostprocessing = 0;
		};
/* End PBXResourcesBuildPhase section */

/* Begin PBXSourcesBuildPhase section */
		8022ACD62C530FD600B447EA /* Sources */ = {
			isa = PBXSourcesBuildPhase;
			buildActionMask = 2147483647;
			files = (
				8022ACE02C530FD600B447EA /* ContentView.swift in Sources */,
				8022ACDE2C530FD600B447EA /* geolocalizacaoApp.swift in Sources */,
			);
			runOnlyForDeploymentPostprocessing = 0;
		};
		8022ACE62C530FD700B447EA /* Sources */ = {
			isa = PBXSourcesBuildPhase;
			buildActionMask = 2147483647;
			files = (
				8022ACEF2C530FD700B447EA /* geolocalizacaoTests.swift in Sources */,
			);
			runOnlyForDeploymentPostprocessing = 0;
		};
		8022ACF02C530FD700B447EA /* Sources */ = {
			isa = PBXSourcesBuildPhase;
			buildActionMask = 2147483647;
			files = (
				8022ACF92C530FD700B447EA /* geolocalizacaoUITests.swift in Sources */,
				8022ACFB2C530FD700B447EA /* geolocalizacaoUITestsLaunchTests.swift in Sources */,
			);
			runOnlyForDeploymentPostprocessing = 0;
		};
/* End PBXSourcesBuildPhase section */

/* Begin PBXTargetDependency section */
		8022ACEC2C530FD700B447EA /* PBXTargetDependency */ = {
			isa = PBXTargetDependency;
			target = 8022ACD92C530FD600B447EA /* geolocalizacao */;
			targetProxy = 8022ACEB2C530FD700B447EA /* PBXContainerItemProxy */;
		};
		8022ACF62C530FD700B447EA /* PBXTargetDependency */ = {
			isa = PBXTargetDependency;
			target = 8022ACD92C530FD600B447EA /* geolocalizacao */;
			targetProxy = 8022ACF52C530FD700B447EA /* PBXContainerItemProxy */;
		};
/* End PBXTargetDependency section */

/* Begin XCBuildConfiguration section */
		8022ACFC2C530FD700B447EA /* Debug */ = {
			isa = XCBuildConfiguration;
			buildSettings = {
				ALWAYS_SEARCH_USER_PATHS = NO;
				ASSETCATALOG_COMPILER_GENERATE_SWIFT_ASSET_SYMBOL_EXTENSIONS = YES;
				CLANG_ANALYZER_NONNULL = YES;
				CLANG_ANALYZER_NUMBER_OBJECT_CONVERSION = YES_AGGRESSIVE;
				CLANG_CXX_LANGUAGE_STANDARD = "gnu++20";
				CLANG_ENABLE_MODULES = YES;
				CLANG_ENABLE_OBJC_ARC = YES;
				CLANG_ENABLE_OBJC_WEAK = YES;
				CLANG_WARN_BLOCK_CAPTURE_AUTORELEASING = YES;
				CLANG_WARN_BOOL_CONVERSION = YES;
				CLANG_WARN_COMMA = YES;
				CLANG_WARN_CONSTANT_CONVERSION = YES;
				CLANG_WARN_DEPRECATED_OBJC_IMPLEMENTATIONS = YES;
				CLANG_WARN_DIRECT_OBJC_ISA_USAGE = YES_ERROR;
				CLANG_WARN_DOCUMENTATION_COMMENTS = YES;
				CLANG_WARN_EMPTY_BODY = YES;
				CLANG_WARN_ENUM_CONVERSION = YES;
				CLANG_WARN_INFINITE_RECURSION = YES;
				CLANG_WARN_INT_CONVERSION = YES;
				CLANG_WARN_NON_LITERAL_NULL_CONVERSION = YES;
				CLANG_WARN_OBJC_IMPLICIT_RETAIN_SELF = YES;
				CLANG_WARN_OBJC_LITERAL_CONVERSION = YES;
				CLANG_WARN_OBJC_ROOT_CLASS = YES_ERROR;
				CLANG_WARN_QUOTED_INCLUDE_IN_FRAMEWORK_HEADER = YES;
				CLANG_WARN_RANGE_LOOP_ANALYSIS = YES;
				CLANG_WARN_STRICT_PROTOTYPES = YES;
				CLANG_WARN_SUSPICIOUS_MOVE = YES;
				CLANG_WARN_UNGUARDED_AVAILABILITY = YES_AGGRESSIVE;
				CLANG_WARN_UNREACHABLE_CODE = YES;
				CLANG_WARN__DUPLICATE_METHOD_MATCH = YES;
				COPY_PHASE_STRIP = NO;
				DEBUG_INFORMATION_FORMAT = dwarf;
				ENABLE_STRICT_OBJC_MSGSEND = YES;
				ENABLE_TESTABILITY = YES;
				ENABLE_USER_SCRIPT_SANDBOXING = YES;
				GCC_C_LANGUAGE_STANDARD = gnu17;
				GCC_DYNAMIC_NO_PIC = NO;
				GCC_NO_COMMON_BLOCKS = YES;
				GCC_OPTIMIZATION_LEVEL = 0;
				GCC_PREPROCESSOR_DEFINITIONS = (
					"DEBUG=1",
					"$(inherited)",
				);
				GCC_WARN_64_TO_32_BIT_CONVERSION = YES;
				GCC_WARN_ABOUT_RETURN_TYPE = YES_ERROR;
				GCC_WARN_UNDECLARED_SELECTOR = YES;
				GCC_WARN_UNINITIALIZED_AUTOS = YES_AGGRESSIVE;
				GCC_WARN_UNUSED_FUNCTION = YES;
				GCC_WARN_UNUSED_VARIABLE = YES;
				IPHONEOS_DEPLOYMENT_TARGET = 17.5;
				LOCALIZATION_PREFERS_STRING_CATALOGS = YES;
				MTL_ENABLE_DEBUG_INFO = INCLUDE_SOURCE;
				MTL_FAST_MATH = YES;
				ONLY_ACTIVE_ARCH = YES;
				SDKROOT = iphoneos;
				SWIFT_ACTIVE_COMPILATION_CONDITIONS = "DEBUG $(inherited)";
				SWIFT_OPTIMIZATION_LEVEL = "-Onone";
			};
			name = Debug;
		};
		8022ACFD2C530FD700B447EA /* Release */ = {
			isa = XCBuildConfiguration;
			buildSettings = {
				ALWAYS_SEARCH_USER_PATHS = NO;
				ASSETCATALOG_COMPILER_GENERATE_SWIFT_ASSET_SYMBOL_EXTENSIONS = YES;
				CLANG_ANALYZER_NONNULL = YES;
				CLANG_ANALYZER_NUMBER_OBJECT_CONVERSION = YES_AGGRESSIVE;
				CLANG_CXX_LANGUAGE_STANDARD = "gnu++20";
				CLANG_ENABLE_MODULES = YES;
				CLANG_ENABLE_OBJC_ARC = YES;
				CLANG_ENABLE_OBJC_WEAK = YES;
				CLANG_WARN_BLOCK_CAPTURE_AUTORELEASING = YES;
				CLANG_WARN_BOOL_CONVERSION = YES;
				CLANG_WARN_COMMA = YES;
				CLANG_WARN_CONSTANT_CONVERSION = YES;
				CLANG_WARN_DEPRECATED_OBJC_IMPLEMENTATIONS = YES;
				CLANG_WARN_DIRECT_OBJC_ISA_USAGE = YES_ERROR;
				CLANG_WARN_DOCUMENTATION_COMMENTS = YES;
				CLANG_WARN_EMPTY_BODY = YES;
				CLANG_WARN_ENUM_CONVERSION = YES;
				CLANG_WARN_INFINITE_RECURSION = YES;
				CLANG_WARN_INT_CONVERSION = YES;
				CLANG_WARN_NON_LITERAL_NULL_CONVERSION = YES;
				CLANG_WARN_OBJC_IMPLICIT_RETAIN_SELF = YES;
				CLANG_WARN_OBJC_LITERAL_CONVERSION = YES;
				CLANG_WARN_OBJC_ROOT_CLASS = YES_ERROR;
				CLANG_WARN_QUOTED_INCLUDE_IN_FRAMEWORK_HEADER = YES;
				CLANG_WARN_RANGE_LOOP_ANALYSIS = YES;
				CLANG_WARN_STRICT_PROTOTYPES = YES;
				CLANG_WARN_SUSPICIOUS_MOVE = YES;
				CLANG_WARN_UNGUARDED_AVAILABILITY = YES_AGGRESSIVE;
				CLANG_WARN_UNREACHABLE_CODE = YES;
				CLANG_WARN__DUPLICATE_METHOD_MATCH = YES;
				COPY_PHASE_STRIP = NO;
				DEBUG_INFORMATION_FORMAT = "dwarf-with-dsym";
				ENABLE_NS_ASSERTIONS = NO;
				ENABLE_STRICT_OBJC_MSGSEND = YES;
				ENABLE_USER_SCRIPT_SANDBOXING = YES;
				GCC_C_LANGUAGE_STANDARD = gnu17;
				GCC_NO_COMMON_BLOCKS = YES;
				GCC_WARN_64_TO_32_BIT_CONVERSION = YES;
				GCC_WARN_ABOUT_RETURN_TYPE = YES_ERROR;
				GCC_WARN_UNDECLARED_SELECTOR = YES;
				GCC_WARN_UNINITIALIZED_AUTOS = YES_AGGRESSIVE;
				GCC_WARN_UNUSED_FUNCTION = YES;
				GCC_WARN_UNUSED_VARIABLE = YES;
				IPHONEOS_DEPLOYMENT_TARGET = 17.5;
				LOCALIZATION_PREFERS_STRING_CATALOGS = YES;
				MTL_ENABLE_DEBUG_INFO = NO;
				MTL_FAST_MATH = YES;
				SDKROOT = iphoneos;
				SWIFT_COMPILATION_MODE = wholemodule;
				VALIDATE_PRODUCT = YES;
			};
			name = Release;
		};
		8022ACFF2C530FD700B447EA /* Debug */ = {
			isa = XCBuildConfiguration;
			buildSettings = {
				ASSETCATALOG_COMPILER_APPICON_NAME = AppIcon;
				ASSETCATALOG_COMPILER_GLOBAL_ACCENT_COLOR_NAME = AccentColor;
				CODE_SIGN_STYLE = Automatic;
				CURRENT_PROJECT_VERSION = 1;
				DEVELOPMENT_ASSET_PATHS = "\"geolocalizacao/Preview Content\"";
				ENABLE_PREVIEWS = YES;
				GENERATE_INFOPLIST_FILE = YES;
				INFOPLIST_KEY_UIApplicationSceneManifest_Generation = YES;
				INFOPLIST_KEY_UIApplicationSupportsIndirectInputEvents = YES;
				INFOPLIST_KEY_UILaunchScreen_Generation = YES;
				INFOPLIST_KEY_UISupportedInterfaceOrientations_iPad = "UIInterfaceOrientationPortrait UIInterfaceOrientationPortraitUpsideDown UIInterfaceOrientationLandscapeLeft UIInterfaceOrientationLandscapeRight";
				INFOPLIST_KEY_UISupportedInterfaceOrientations_iPhone = "UIInterfaceOrientationPortrait UIInterfaceOrientationLandscapeLeft UIInterfaceOrientationLandscapeRight";
				LD_RUNPATH_SEARCH_PATHS = (
					"$(inherited)",
					"@executable_path/Frameworks",
				);
				MARKETING_VERSION = 1.0;
				PRODUCT_BUNDLE_IDENTIFIER = irede.geolocalizacao;
				PRODUCT_NAME = "$(TARGET_NAME)";
				SWIFT_EMIT_LOC_STRINGS = YES;
				SWIFT_VERSION = 5.0;
				TARGETED_DEVICE_FAMILY = "1,2";
			};
			name = Debug;
		};
		8022AD002C530FD700B447EA /* Release */ = {
			isa = XCBuildConfiguration;
			buildSettings = {
				ASSETCATALOG_COMPILER_APPICON_NAME = AppIcon;
				ASSETCATALOG_COMPILER_GLOBAL_ACCENT_COLOR_NAME = AccentColor;
				CODE_SIGN_STYLE = Automatic;
				CURRENT_PROJECT_VERSION = 1;
				DEVELOPMENT_ASSET_PATHS = "\"geolocalizacao/Preview Content\"";
				ENABLE_PREVIEWS = YES;
				GENERATE_INFOPLIST_FILE = YES;
				INFOPLIST_KEY_UIApplicationSceneManifest_Generation = YES;
				INFOPLIST_KEY_UIApplicationSupportsIndirectInputEvents = YES;
				INFOPLIST_KEY_UILaunchScreen_Generation = YES;
				INFOPLIST_KEY_UISupportedInterfaceOrientations_iPad = "UIInterfaceOrientationPortrait UIInterfaceOrientationPortraitUpsideDown UIInterfaceOrientationLandscapeLeft UIInterfaceOrientationLandscapeRight";
				INFOPLIST_KEY_UISupportedInterfaceOrientations_iPhone = "UIInterfaceOrientationPortrait UIInterfaceOrientationLandscapeLeft UIInterfaceOrientationLandscapeRight";
				LD_RUNPATH_SEARCH_PATHS = (
					"$(inherited)",
					"@executable_path/Frameworks",
				);
				MARKETING_VERSION = 1.0;
				PRODUCT_BUNDLE_IDENTIFIER = irede.geolocalizacao;
				PRODUCT_NAME = "$(TARGET_NAME)";
				SWIFT_EMIT_LOC_STRINGS = YES;
				SWIFT_VERSION = 5.0;
				TARGETED_DEVICE_FAMILY = "1,2";
			};
			name = Release;
		};
		8022AD022C530FD700B447EA /* Debug */ = {
			isa = XCBuildConfiguration;
			buildSettings = {
				ALWAYS_EMBED_SWIFT_STANDARD_LIBRARIES = YES;
				BUNDLE_LOADER = "$(TEST_HOST)";
				CODE_SIGN_STYLE = Automatic;
				CURRENT_PROJECT_VERSION = 1;
				GENERATE_INFOPLIST_FILE = YES;
				IPHONEOS_DEPLOYMENT_TARGET = 17.5;
				MARKETING_VERSION = 1.0;
				PRODUCT_BUNDLE_IDENTIFIER = irede.geolocalizacaoTests;
				PRODUCT_NAME = "$(TARGET_NAME)";
				SWIFT_EMIT_LOC_STRINGS = NO;
				SWIFT_VERSION = 5.0;
				TARGETED_DEVICE_FAMILY = "1,2";
				TEST_HOST = "$(BUILT_PRODUCTS_DIR)/geolocalizacao.app/$(BUNDLE_EXECUTABLE_FOLDER_PATH)/geolocalizacao";
			};
			name = Debug;
		};
		8022AD032C530FD700B447EA /* Release */ = {
			isa = XCBuildConfiguration;
			buildSettings = {
				ALWAYS_EMBED_SWIFT_STANDARD_LIBRARIES = YES;
				BUNDLE_LOADER = "$(TEST_HOST)";
				CODE_SIGN_STYLE = Automatic;
				CURRENT_PROJECT_VERSION = 1;
				GENERATE_INFOPLIST_FILE = YES;
				IPHONEOS_DEPLOYMENT_TARGET = 17.5;
				MARKETING_VERSION = 1.0;
				PRODUCT_BUNDLE_IDENTIFIER = irede.geolocalizacaoTests;
				PRODUCT_NAME = "$(TARGET_NAME)";
				SWIFT_EMIT_LOC_STRINGS = NO;
				SWIFT_VERSION = 5.0;
				TARGETED_DEVICE_FAMILY = "1,2";
				TEST_HOST = "$(BUILT_PRODUCTS_DIR)/geolocalizacao.app/$(BUNDLE_EXECUTABLE_FOLDER_PATH)/geolocalizacao";
			};
			name = Release;
		};
		8022AD052C530FD700B447EA /* Debug */ = {
			isa = XCBuildConfiguration;
			buildSettings = {
				ALWAYS_EMBED_SWIFT_STANDARD_LIBRARIES = YES;
				CODE_SIGN_STYLE = Automatic;
				CURRENT_PROJECT_VERSION = 1;
				GENERATE_INFOPLIST_FILE = YES;
				MARKETING_VERSION = 1.0;
				PRODUCT_BUNDLE_IDENTIFIER = irede.geolocalizacaoUITests;
				PRODUCT_NAME = "$(TARGET_NAME)";
				SWIFT_EMIT_LOC_STRINGS = NO;
				SWIFT_VERSION = 5.0;
				TARGETED_DEVICE_FAMILY = "1,2";
				TEST_TARGET_NAME = geolocalizacao;
			};
			name = Debug;
		};
		8022AD062C530FD700B447EA /* Release */ = {
			isa = XCBuildConfiguration;
			buildSettings = {
				ALWAYS_EMBED_SWIFT_STANDARD_LIBRARIES = YES;
				CODE_SIGN_STYLE = Automatic;
				CURRENT_PROJECT_VERSION = 1;
				GENERATE_INFOPLIST_FILE = YES;
				MARKETING_VERSION = 1.0;
				PRODUCT_BUNDLE_IDENTIFIER = irede.geolocalizacaoUITests;
				PRODUCT_NAME = "$(TARGET_NAME)";
				SWIFT_EMIT_LOC_STRINGS = NO;
				SWIFT_VERSION = 5.0;
				TARGETED_DEVICE_FAMILY = "1,2";
				TEST_TARGET_NAME = geolocalizacao;
			};
			name = Release;
		};
/* End XCBuildConfiguration section */

/* Begin XCConfigurationList section */
		8022ACD52C530FD600B447EA /* Build configuration list for PBXProject "geolocalizacao" */ = {
			isa = XCConfigurationList;
			buildConfigurations = (
				8022ACFC2C530FD700B447EA /* Debug */,
				8022ACFD2C530FD700B447EA /* Release */,
			);
			defaultConfigurationIsVisible = 0;
			defaultConfigurationName = Release;
		};
		8022ACFE2C530FD700B447EA /* Build configuration list for PBXNativeTarget "geolocalizacao" */ = {
			isa = XCConfigurationList;
			buildConfigurations = (
				8022ACFF2C530FD700B447EA /* Debug */,
				8022AD002C530FD700B447EA /* Release */,
			);
			defaultConfigurationIsVisible = 0;
			defaultConfigurationName = Release;
		};
		8022AD012C530FD700B447EA /* Build configuration list for PBXNativeTarget "geolocalizacaoTests" */ = {
			isa = XCConfigurationList;
			buildConfigurations = (
				8022AD022C530FD700B447EA /* Debug */,
				8022AD032C530FD700B447EA /* Release */,
			);
			defaultConfigurationIsVisible = 0;
			defaultConfigurationName = Release;
		};
		8022AD042C530FD700B447EA /* Build configuration list for PBXNativeTarget "geolocalizacaoUITests" */ = {
			isa = XCConfigurationList;
			buildConfigurations = (
				8022AD052C530FD700B447EA /* Debug */,
				8022AD062C530FD700B447EA /* Release */,
			);
			defaultConfigurationIsVisible = 0;
			defaultConfigurationName = Release;
		};
/* End XCConfigurationList section */
	};
	rootObject = 8022ACD22C530FD600B447EA /* Project object */;
}
